Microsoft Visual Studio Solution File, Format Version 12.00
# Visual Studio Version 17
VisualStudioVersion = 17.5.2.0
MinimumVisualStudioVersion = 10.0.40219.1
Project("{FAE04EC0-301F-11D3-BF4B-00C04F79EFBC}") = "Korjn.OracleClientInject", "Korjn.OracleClientInject.csproj", "{FBBD51CA-A044-B298-E4B9-73221885233A}"
EndProject
Global
	GlobalSection(SolutionConfigurationPlatforms) = preSolution
		Debug|Any CPU = Debug|Any CPU
		Release|Any CPU = Release|Any CPU
	EndGlobalSection
	GlobalSection(ProjectConfigurationPlatforms) = postSolution
		{FBBD51CA-A044-B298-E4B9-73221885233A}.Debug|Any CPU.ActiveCfg = Debug|Any CPU
		{FBBD51CA-A044-B298-E4B9-73221885233A}.Debug|Any CPU.Build.0 = Debug|Any CPU
		{FBBD51CA-A044-B298-E4B9-73221885233A}.Release|Any CPU.ActiveCfg = Release|Any CPU
		{FBBD51CA-A044-B298-E4B9-73221885233A}.Release|Any CPU.Build.0 = Release|Any CPU
	EndGlobalSection
	GlobalSection(SolutionProperties) = preSolution
		HideSolutionNode = FALSE
	EndGlobalSection
	GlobalSection(ExtensibilityGlobals) = postSolution
		SolutionGuid = {4ED6C884-5004-4F11-8E98-BA066D9142F5}
	EndGlobalSection
EndGlobal
